// !$*UTF8*$!
{
	archiveVersion = 1;
	classes = {
	};
	objectVersion = 55;
	objects = {

/* Begin PBXBuildFile section */
		243239FB27326CC600E029AF /* CartTableVC.swift in Sources */ = {isa = PBXBuildFile; fileRef = 243239FA27326CC600E029AF /* CartTableVC.swift */; };
		24323A012733146800E029AF /* RegisterViewController.swift in Sources */ = {isa = PBXBuildFile; fileRef = 24323A002733146800E029AF /* RegisterViewController.swift */; };
		24323A032733C28A00E029AF /* AddViewController.swift in Sources */ = {isa = PBXBuildFile; fileRef = 24323A022733C28A00E029AF /* AddViewController.swift */; };
		24349F1427315EBA009EEE63 /* AppDelegate.swift in Sources */ = {isa = PBXBuildFile; fileRef = 24349F1327315EBA009EEE63 /* AppDelegate.swift */; };
		24349F1627315EBA009EEE63 /* SceneDelegate.swift in Sources */ = {isa = PBXBuildFile; fileRef = 24349F1527315EBA009EEE63 /* SceneDelegate.swift */; };
		24349F1B27315EBA009EEE63 /* Main.storyboard in Resources */ = {isa = PBXBuildFile; fileRef = 24349F1927315EBA009EEE63 /* Main.storyboard */; };
		24349F1D27315EBB009EEE63 /* Assets.xcassets in Resources */ = {isa = PBXBuildFile; fileRef = 24349F1C27315EBB009EEE63 /* Assets.xcassets */; };
		24349F2027315EBB009EEE63 /* LaunchScreen.storyboard in Resources */ = {isa = PBXBuildFile; fileRef = 24349F1E27315EBB009EEE63 /* LaunchScreen.storyboard */; };
		24349F2827317835009EEE63 /* MAKEUPTableVC.swift in Sources */ = {isa = PBXBuildFile; fileRef = 24349F2727317835009EEE63 /* MAKEUPTableVC.swift */; };
		24349F2B27317881009EEE63 /* MAKEUPBANNERTableViewCell.swift in Sources */ = {isa = PBXBuildFile; fileRef = 24349F2927317881009EEE63 /* MAKEUPBANNERTableViewCell.swift */; };
		24349F2C27317881009EEE63 /* MAKEUPBANNERTableViewCell.xib in Resources */ = {isa = PBXBuildFile; fileRef = 24349F2A27317881009EEE63 /* MAKEUPBANNERTableViewCell.xib */; };
		24349F2F273178AD009EEE63 /* MAKEUPITEMTableViewCell.swift in Sources */ = {isa = PBXBuildFile; fileRef = 24349F2D273178AD009EEE63 /* MAKEUPITEMTableViewCell.swift */; };
		24349F30273178AD009EEE63 /* MAKEUPITEMTableViewCell.xib in Resources */ = {isa = PBXBuildFile; fileRef = 24349F2E273178AD009EEE63 /* MAKEUPITEMTableViewCell.xib */; };
		24349F342731AC25009EEE63 /* SKINCARETableVC.swift in Sources */ = {isa = PBXBuildFile; fileRef = 24349F332731AC25009EEE63 /* SKINCARETableVC.swift */; };
		24349F372731AC55009EEE63 /* TSKINCAREBANNERTableViewCell.swift in Sources */ = {isa = PBXBuildFile; fileRef = 24349F352731AC55009EEE63 /* TSKINCAREBANNERTableViewCell.swift */; };
		24349F382731AC55009EEE63 /* TSKINCAREBANNERTableViewCell.xib in Resources */ = {isa = PBXBuildFile; fileRef = 24349F362731AC55009EEE63 /* TSKINCAREBANNERTableViewCell.xib */; };
		24349F3B2731AC72009EEE63 /* SKINCAREITEMTableViewCell.swift in Sources */ = {isa = PBXBuildFile; fileRef = 24349F392731AC72009EEE63 /* SKINCAREITEMTableViewCell.swift */; };
		24349F3C2731AC72009EEE63 /* SKINCAREITEMTableViewCell.xib in Resources */ = {isa = PBXBuildFile; fileRef = 24349F3A2731AC72009EEE63 /* SKINCAREITEMTableViewCell.xib */; };
		24349F3E2731DD1A009EEE63 /* LoginViewController.swift in Sources */ = {isa = PBXBuildFile; fileRef = 24349F3D2731DD1A009EEE63 /* LoginViewController.swift */; };
		2441D6D92733D834007DD838 /* Model.swift in Sources */ = {isa = PBXBuildFile; fileRef = 2441D6D82733D834007DD838 /* Model.swift */; };
/* End PBXBuildFile section */

/* Begin PBXFileReference section */
		243239FA27326CC600E029AF /* CartTableVC.swift */ = {isa = PBXFileReference; lastKnownFileType = sourcecode.swift; path = CartTableVC.swift; sourceTree = "<group>"; };
		24323A002733146800E029AF /* RegisterViewController.swift */ = {isa = PBXFileReference; lastKnownFileType = sourcecode.swift; name = RegisterViewController.swift; path = seporaV1/Controller/RegisterViewController.swift; sourceTree = SOURCE_ROOT; };
		24323A022733C28A00E029AF /* AddViewController.swift */ = {isa = PBXFileReference; lastKnownFileType = sourcecode.swift; name = AddViewController.swift; path = seporaV1/Controller/AddViewController.swift; sourceTree = SOURCE_ROOT; };
		24349F1027315EBA009EEE63 /* seporaV1.app */ = {isa = PBXFileReference; explicitFileType = wrapper.application; includeInIndex = 0; path = seporaV1.app; sourceTree = BUILT_PRODUCTS_DIR; };
		24349F1327315EBA009EEE63 /* AppDelegate.swift */ = {isa = PBXFileReference; lastKnownFileType = sourcecode.swift; path = AppDelegate.swift; sourceTree = "<group>"; };
		24349F1527315EBA009EEE63 /* SceneDelegate.swift */ = {isa = PBXFileReference; lastKnownFileType = sourcecode.swift; path = SceneDelegate.swift; sourceTree = "<group>"; };
		24349F1A27315EBA009EEE63 /* Base */ = {isa = PBXFileReference; lastKnownFileType = file.storyboard; name = Base; path = Base.lproj/Main.storyboard; sourceTree = "<group>"; };
		24349F1C27315EBB009EEE63 /* Assets.xcassets */ = {isa = PBXFileReference; lastKnownFileType = folder.assetcatalog; path = Assets.xcassets; sourceTree = "<group>"; };
		24349F1F27315EBB009EEE63 /* Base */ = {isa = PBXFileReference; lastKnownFileType = file.storyboard; name = Base; path = Base.lproj/LaunchScreen.storyboard; sourceTree = "<group>"; };
		24349F2127315EBB009EEE63 /* Info.plist */ = {isa = PBXFileReference; lastKnownFileType = text.plist.xml; path = Info.plist; sourceTree = "<group>"; };
		24349F2727317835009EEE63 /* MAKEUPTableVC.swift */ = {isa = PBXFileReference; lastKnownFileType = sourcecode.swift; path = MAKEUPTableVC.swift; sourceTree = "<group>"; };
		24349F2927317881009EEE63 /* MAKEUPBANNERTableViewCell.swift */ = {isa = PBXFileReference; lastKnownFileType = sourcecode.swift; path = MAKEUPBANNERTableViewCell.swift; sourceTree = "<group>"; };
		24349F2A27317881009EEE63 /* MAKEUPBANNERTableViewCell.xib */ = {isa = PBXFileReference; lastKnownFileType = file.xib; path = MAKEUPBANNERTableViewCell.xib; sourceTree = "<group>"; };
		24349F2D273178AD009EEE63 /* MAKEUPITEMTableViewCell.swift */ = {isa = PBXFileReference; lastKnownFileType = sourcecode.swift; path = MAKEUPITEMTableViewCell.swift; sourceTree = "<group>"; };
		24349F2E273178AD009EEE63 /* MAKEUPITEMTableViewCell.xib */ = {isa = PBXFileReference; lastKnownFileType = file.xib; path = MAKEUPITEMTableViewCell.xib; sourceTree = "<group>"; };
		24349F332731AC25009EEE63 /* SKINCARETableVC.swift */ = {isa = PBXFileReference; lastKnownFileType = sourcecode.swift; path = SKINCARETableVC.swift; sourceTree = "<group>"; };
		24349F352731AC55009EEE63 /* TSKINCAREBANNERTableViewCell.swift */ = {isa = PBXFileReference; lastKnownFileType = sourcecode.swift; path = TSKINCAREBANNERTableViewCell.swift; sourceTree = "<group>"; };
		24349F362731AC55009EEE63 /* TSKINCAREBANNERTableViewCell.xib */ = {isa = PBXFileReference; lastKnownFileType = file.xib; path = TSKINCAREBANNERTableViewCell.xib; sourceTree = "<group>"; };
		24349F392731AC72009EEE63 /* SKINCAREITEMTableViewCell.swift */ = {isa = PBXFileReference; lastKnownFileType = sourcecode.swift; path = SKINCAREITEMTableViewCell.swift; sourceTree = "<group>"; };
		24349F3A2731AC72009EEE63 /* SKINCAREITEMTableViewCell.xib */ = {isa = PBXFileReference; lastKnownFileType = file.xib; path = SKINCAREITEMTableViewCell.xib; sourceTree = "<group>"; };
		24349F3D2731DD1A009EEE63 /* LoginViewController.swift */ = {isa = PBXFileReference; lastKnownFileType = sourcecode.swift; path = LoginViewController.swift; sourceTree = "<group>"; };
		2441D6D82733D834007DD838 /* Model.swift */ = {isa = PBXFileReference; lastKnownFileType = sourcecode.swift; path = Model.swift; sourceTree = "<group>"; };
/* End PBXFileReference section */

/* Begin PBXFrameworksBuildPhase section */
		24349F0D27315EBA009EEE63 /* Frameworks */ = {
			isa = PBXFrameworksBuildPhase;
			buildActionMask = 2147483647;
			files = (
			);
			runOnlyForDeploymentPostprocessing = 0;
		};
/* End PBXFrameworksBuildPhase section */

/* Begin PBXGroup section */
		243239FD27330AED00E029AF /* Controller */ = {
			isa = PBXGroup;
			children = (
				24349F392731AC72009EEE63 /* SKINCAREITEMTableViewCell.swift */,
				24349F2727317835009EEE63 /* MAKEUPTableVC.swift */,
				24349F3D2731DD1A009EEE63 /* LoginViewController.swift */,
				24323A002733146800E029AF /* RegisterViewController.swift */,
				24349F332731AC25009EEE63 /* SKINCARETableVC.swift */,
				243239FA27326CC600E029AF /* CartTableVC.swift */,
				24349F2927317881009EEE63 /* MAKEUPBANNERTableViewCell.swift */,
				24349F2D273178AD009EEE63 /* MAKEUPITEMTableViewCell.swift */,
				24349F352731AC55009EEE63 /* TSKINCAREBANNERTableViewCell.swift */,
				24323A022733C28A00E029AF /* AddViewController.swift */,
			);
			path = Controller;
			sourceTree = "<group>";
		};
		24349F0727315EBA009EEE63 = {
			isa = PBXGroup;
			children = (
				24349F1227315EBA009EEE63 /* seporaV1 */,
				24349F1127315EBA009EEE63 /* Products */,
			);
			sourceTree = "<group>";
		};
		24349F1127315EBA009EEE63 /* Products */ = {
			isa = PBXGroup;
			children = (
				24349F1027315EBA009EEE63 /* seporaV1.app */,
			);
			name = Products;
			sourceTree = "<group>";
		};
		24349F1227315EBA009EEE63 /* seporaV1 */ = {
			isa = PBXGroup;
			children = (
				2441D6D72733D823007DD838 /* Model */,
				243239FD27330AED00E029AF /* Controller */,
				24349F322731AA88009EEE63 /* View */,
				24349F1C27315EBB009EEE63 /* Assets.xcassets */,
				24349F2127315EBB009EEE63 /* Info.plist */,
				24349F1527315EBA009EEE63 /* SceneDelegate.swift */,
				24349F1327315EBA009EEE63 /* AppDelegate.swift */,
			);
			path = seporaV1;
			sourceTree = "<group>";
		};
		24349F322731AA88009EEE63 /* View */ = {
			isa = PBXGroup;
			children = (
				24349F1927315EBA009EEE63 /* Main.storyboard */,
				24349F1E27315EBB009EEE63 /* LaunchScreen.storyboard */,
				24349F2A27317881009EEE63 /* MAKEUPBANNERTableViewCell.xib */,
				24349F2E273178AD009EEE63 /* MAKEUPITEMTableViewCell.xib */,
				24349F362731AC55009EEE63 /* TSKINCAREBANNERTableViewCell.xib */,
				24349F3A2731AC72009EEE63 /* SKINCAREITEMTableViewCell.xib */,
			);
			path = View;
			sourceTree = "<group>";
		};
		2441D6D72733D823007DD838 /* Model */ = {
			isa = PBXGroup;
			children = (
				2441D6D82733D834007DD838 /* Model.swift */,
			);
			path = Model;
			sourceTree = "<group>";
		};
/* End PBXGroup section */

/* Begin PBXNativeTarget section */
		24349F0F27315EBA009EEE63 /* seporaV1 */ = {
			isa = PBXNativeTarget;
			buildConfigurationList = 24349F2427315EBB009EEE63 /* Build configuration list for PBXNativeTarget "seporaV1" */;
			buildPhases = (
				24349F0C27315EBA009EEE63 /* Sources */,
				24349F0D27315EBA009EEE63 /* Frameworks */,
				24349F0E27315EBA009EEE63 /* Resources */,
			);
			buildRules = (
			);
			dependencies = (
			);
			name = seporaV1;
			productName = seporaV1;
			productReference = 24349F1027315EBA009EEE63 /* seporaV1.app */;
			productType = "com.apple.product-type.application";
		};
/* End PBXNativeTarget section */

/* Begin PBXProject section */
		24349F0827315EBA009EEE63 /* Project object */ = {
			isa = PBXProject;
			attributes = {
				BuildIndependentTargetsInParallel = 1;
				LastSwiftUpdateCheck = 1310;
				LastUpgradeCheck = 1310;
				TargetAttributes = {
					24349F0F27315EBA009EEE63 = {
						CreatedOnToolsVersion = 13.1;
					};
				};
			};
			buildConfigurationList = 24349F0B27315EBA009EEE63 /* Build configuration list for PBXProject "seporaV1" */;
			compatibilityVersion = "Xcode 13.0";
			developmentRegion = en;
			hasScannedForEncodings = 0;
			knownRegions = (
				en,
				Base,
			);
			mainGroup = 24349F0727315EBA009EEE63;
			productRefGroup = 24349F1127315EBA009EEE63 /* Products */;
			projectDirPath = "";
			projectRoot = "";
			targets = (
				24349F0F27315EBA009EEE63 /* seporaV1 */,
			);
		};
/* End PBXProject section */

/* Begin PBXResourcesBuildPhase section */
		24349F0E27315EBA009EEE63 /* Resources */ = {
			isa = PBXResourcesBuildPhase;
			buildActionMask = 2147483647;
			files = (
				24349F2027315EBB009EEE63 /* LaunchScreen.storyboard in Resources */,
				24349F1D27315EBB009EEE63 /* Assets.xcassets in Resources */,
				24349F3C2731AC72009EEE63 /* SKINCAREITEMTableViewCell.xib in Resources */,
				24349F382731AC55009EEE63 /* TSKINCAREBANNERTableViewCell.xib in Resources */,
				24349F30273178AD009EEE63 /* MAKEUPITEMTableViewCell.xib in Resources */,
				24349F2C27317881009EEE63 /* MAKEUPBANNERTableViewCell.xib in Resources */,
				24349F1B27315EBA009EEE63 /* Main.storyboard in Resources */,
			);
			runOnlyForDeploymentPostprocessing = 0;
		};
/* End PBXResourcesBuildPhase section */

/* Begin PBXSourcesBuildPhase section */
		24349F0C27315EBA009EEE63 /* Sources */ = {
			isa = PBXSourcesBuildPhase;
			buildActionMask = 2147483647;
			files = (
				24349F3E2731DD1A009EEE63 /* LoginViewController.swift in Sources */,
				24349F1427315EBA009EEE63 /* AppDelegate.swift in Sources */,
				24323A032733C28A00E029AF /* AddViewController.swift in Sources */,
				24349F1627315EBA009EEE63 /* SceneDelegate.swift in Sources */,
				24323A012733146800E029AF /* RegisterViewController.swift in Sources */,
				243239FB27326CC600E029AF /* CartTableVC.swift in Sources */,
				2441D6D92733D834007DD838 /* Model.swift in Sources */,
				24349F2B27317881009EEE63 /* MAKEUPBANNERTableViewCell.swift in Sources */,
				24349F2827317835009EEE63 /* MAKEUPTableVC.swift in Sources */,
				24349F3B2731AC72009EEE63 /* SKINCAREITEMTableViewCell.swift in Sources */,
				24349F2F273178AD009EEE63 /* MAKEUPITEMTableViewCell.swift in Sources */,
				24349F342731AC25009EEE63 /* SKINCARETableVC.swift in Sources */,
				24349F372731AC55009EEE63 /* TSKINCAREBANNERTableViewCell.swift in Sources */,
			);
			runOnlyForDeploymentPostprocessing = 0;
		};
/* End PBXSourcesBuildPhase section */

/* Begin PBXVariantGroup section */
		24349F1927315EBA009EEE63 /* Main.storyboard */ = {
			isa = PBXVariantGroup;
			children = (
				24349F1A27315EBA009EEE63 /* Base */,
			);
			name = Main.storyboard;
			sourceTree = "<group>";
		};
		24349F1E27315EBB009EEE63 /* LaunchScreen.storyboard */ = {
			isa = PBXVariantGroup;
			children = (
				24349F1F27315EBB009EEE63 /* Base */,
			);
			name = LaunchScreen.storyboard;
			sourceTree = "<group>";
		};
/* End PBXVariantGroup section */

/* Begin XCBuildConfiguration section */
		24349F2227315EBB009EEE63 /* Debug */ = {
			isa = XCBuildConfiguration;
			buildSettings = {
				ALWAYS_SEARCH_USER_PATHS = NO;
				CLANG_ANALYZER_NONNULL = YES;
				CLANG_ANALYZER_NUMBER_OBJECT_CONVERSION = YES_AGGRESSIVE;
				CLANG_CXX_LANGUAGE_STANDARD = "gnu++17";
				CLANG_CXX_LIBRARY = "libc++";
				CLANG_ENABLE_MODULES = YES;
				CLANG_ENABLE_OBJC_ARC = YES;
				CLANG_ENABLE_OBJC_WEAK = YES;
				CLANG_WARN_BLOCK_CAPTURE_AUTORELEASING = YES;
				CLANG_WARN_BOOL_CONVERSION = YES;
				CLANG_WARN_COMMA = YES;
				CLANG_WARN_CONSTANT_CONVERSION = YES;
				CLANG_WARN_DEPRECATED_OBJC_IMPLEMENTATIONS = YES;
				CLANG_WARN_DIRECT_OBJC_ISA_USAGE = YES_ERROR;
				CLANG_WARN_DOCUMENTATION_COMMENTS = YES;
				CLANG_WARN_EMPTY_BODY = YES;
				CLANG_WARN_ENUM_CONVERSION = YES;
				CLANG_WARN_INFINITE_RECURSION = YES;
				CLANG_WARN_INT_CONVERSION = YES;
				CLANG_WARN_NON_LITERAL_NULL_CONVERSION = YES;
				CLANG_WARN_OBJC_IMPLICIT_RETAIN_SELF = YES;
				CLANG_WARN_OBJC_LITERAL_CONVERSION = YES;
				CLANG_WARN_OBJC_ROOT_CLASS = YES_ERROR;
				CLANG_WARN_QUOTED_INCLUDE_IN_FRAMEWORK_HEADER = YES;
				CLANG_WARN_RANGE_LOOP_ANALYSIS = YES;
				CLANG_WARN_STRICT_PROTOTYPES = YES;
				CLANG_WARN_SUSPICIOUS_MOVE = YES;
				CLANG_WARN_UNGUARDED_AVAILABILITY = YES_AGGRESSIVE;
				CLANG_WARN_UNREACHABLE_CODE = YES;
				CLANG_WARN__DUPLICATE_METHOD_MATCH = YES;
				COPY_PHASE_STRIP = NO;
				DEBUG_INFORMATION_FORMAT = dwarf;
				ENABLE_STRICT_OBJC_MSGSEND = YES;
				ENABLE_TESTABILITY = YES;
				GCC_C_LANGUAGE_STANDARD = gnu11;
				GCC_DYNAMIC_NO_PIC = NO;
				GCC_NO_COMMON_BLOCKS = YES;
				GCC_OPTIMIZATION_LEVEL = 0;
				GCC_PREPROCESSOR_DEFINITIONS = (
					"DEBUG=1",
					"$(inherited)",
				);
				GCC_WARN_64_TO_32_BIT_CONVERSION = YES;
				GCC_WARN_ABOUT_RETURN_TYPE = YES_ERROR;
				GCC_WARN_UNDECLARED_SELECTOR = YES;
				GCC_WARN_UNINITIALIZED_AUTOS = YES_AGGRESSIVE;
				GCC_WARN_UNUSED_FUNCTION = YES;
				GCC_WARN_UNUSED_VARIABLE = YES;
				IPHONEOS_DEPLOYMENT_TARGET = 15.0;
				MTL_ENABLE_DEBUG_INFO = INCLUDE_SOURCE;
				MTL_FAST_MATH = YES;
				ONLY_ACTIVE_ARCH = YES;
				SDKROOT = iphoneos;
				SWIFT_ACTIVE_COMPILATION_CONDITIONS = DEBUG;
				SWIFT_OPTIMIZATION_LEVEL = "-Onone";
			};
			name = Debug;
		};
		24349F2327315EBB009EEE63 /* Release */ = {
			isa = XCBuildConfiguration;
			buildSettings = {
				ALWAYS_SEARCH_USER_PATHS = NO;
				CLANG_ANALYZER_NONNULL = YES;
				CLANG_ANALYZER_NUMBER_OBJECT_CONVERSION = YES_AGGRESSIVE;
				CLANG_CXX_LANGUAGE_STANDARD = "gnu++17";
				CLANG_CXX_LIBRARY = "libc++";
				CLANG_ENABLE_MODULES = YES;
				CLANG_ENABLE_OBJC_ARC = YES;
				CLANG_ENABLE_OBJC_WEAK = YES;
				CLANG_WARN_BLOCK_CAPTURE_AUTORELEASING = YES;
				CLANG_WARN_BOOL_CONVERSION = YES;
				CLANG_WARN_COMMA = YES;
				CLANG_WARN_CONSTANT_CONVERSION = YES;
				CLANG_WARN_DEPRECATED_OBJC_IMPLEMENTATIONS = YES;
				CLANG_WARN_DIRECT_OBJC_ISA_USAGE = YES_ERROR;
				CLANG_WARN_DOCUMENTATION_COMMENTS = YES;
				CLANG_WARN_EMPTY_BODY = YES;
				CLANG_WARN_ENUM_CONVERSION = YES;
				CLANG_WARN_INFINITE_RECURSION = YES;
				CLANG_WARN_INT_CONVERSION = YES;
				CLANG_WARN_NON_LITERAL_NULL_CONVERSION = YES;
				CLANG_WARN_OBJC_IMPLICIT_RETAIN_SELF = YES;
				CLANG_WARN_OBJC_LITERAL_CONVERSION = YES;
				CLANG_WARN_OBJC_ROOT_CLASS = YES_ERROR;
				CLANG_WARN_QUOTED_INCLUDE_IN_FRAMEWORK_HEADER = YES;
				CLANG_WARN_RANGE_LOOP_ANALYSIS = YES;
				CLANG_WARN_STRICT_PROTOTYPES = YES;
				CLANG_WARN_SUSPICIOUS_MOVE = YES;
				CLANG_WARN_UNGUARDED_AVAILABILITY = YES_AGGRESSIVE;
				CLANG_WARN_UNREACHABLE_CODE = YES;
				CLANG_WARN__DUPLICATE_METHOD_MATCH = YES;
				COPY_PHASE_STRIP = NO;
				DEBUG_INFORMATION_FORMAT = "dwarf-with-dsym";
				ENABLE_NS_ASSERTIONS = NO;
				ENABLE_STRICT_OBJC_MSGSEND = YES;
				GCC_C_LANGUAGE_STANDARD = gnu11;
				GCC_NO_COMMON_BLOCKS = YES;
				GCC_WARN_64_TO_32_BIT_CONVERSION = YES;
				GCC_WARN_ABOUT_RETURN_TYPE = YES_ERROR;
				GCC_WARN_UNDECLARED_SELECTOR = YES;
				GCC_WARN_UNINITIALIZED_AUTOS = YES_AGGRESSIVE;
				GCC_WARN_UNUSED_FUNCTION = YES;
				GCC_WARN_UNUSED_VARIABLE = YES;
				IPHONEOS_DEPLOYMENT_TARGET = 15.0;
				MTL_ENABLE_DEBUG_INFO = NO;
				MTL_FAST_MATH = YES;
				SDKROOT = iphoneos;
				SWIFT_COMPILATION_MODE = wholemodule;
				SWIFT_OPTIMIZATION_LEVEL = "-O";
				VALIDATE_PRODUCT = YES;
			};
			name = Release;
		};
		24349F2527315EBB009EEE63 /* Debug */ = {
			isa = XCBuildConfiguration;
			buildSettings = {
				ASSETCATALOG_COMPILER_APPICON_NAME = AppIcon;
				ASSETCATALOG_COMPILER_GLOBAL_ACCENT_COLOR_NAME = AccentColor;
				CODE_SIGN_STYLE = Automatic;
				CURRENT_PROJECT_VERSION = 1;
				GENERATE_INFOPLIST_FILE = YES;
				INFOPLIST_FILE = seporaV1/Info.plist;
				INFOPLIST_KEY_UIApplicationSupportsIndirectInputEvents = YES;
				INFOPLIST_KEY_UILaunchStoryboardName = LaunchScreen;
				INFOPLIST_KEY_UIMainStoryboardFile = Main;
				INFOPLIST_KEY_UISupportedInterfaceOrientations_iPad = "UIInterfaceOrientationPortrait UIInterfaceOrientationPortraitUpsideDown UIInterfaceOrientationLandscapeLeft UIInterfaceOrientationLandscapeRight";
				INFOPLIST_KEY_UISupportedInterfaceOrientations_iPhone = "UIInterfaceOrientationPortrait UIInterfaceOrientationLandscapeLeft UIInterfaceOrientationLandscapeRight";
				LD_RUNPATH_SEARCH_PATHS = (
					"$(inherited)",
					"@executable_path/Frameworks",
				);
				MARKETING_VERSION = 1.0;
				PRODUCT_BUNDLE_IDENTIFIER = rgd.seporaV1;
				PRODUCT_NAME = "$(TARGET_NAME)";
				SWIFT_EMIT_LOC_STRINGS = YES;
				SWIFT_VERSION = 5.0;
				TARGETED_DEVICE_FAMILY = 1;
			};
			name = Debug;
		};
		24349F2627315EBB009EEE63 /* Release */ = {
			isa = XCBuildConfiguration;
			buildSettings = {
				ASSETCATALOG_COMPILER_APPICON_NAME = AppIcon;
				ASSETCATALOG_COMPILER_GLOBAL_ACCENT_COLOR_NAME = AccentColor;
				CODE_SIGN_STYLE = Automatic;
				CURRENT_PROJECT_VERSION = 1;
				GENERATE_INFOPLIST_FILE = YES;
				INFOPLIST_FILE = seporaV1/Info.plist;
				INFOPLIST_KEY_UIApplicationSupportsIndirectInputEvents = YES;
				INFOPLIST_KEY_UILaunchStoryboardName = LaunchScreen;
				INFOPLIST_KEY_UIMainStoryboardFile = Main;
				INFOPLIST_KEY_UISupportedInterfaceOrientations_iPad = "UIInterfaceOrientationPortrait UIInterfaceOrientationPortraitUpsideDown UIInterfaceOrientationLandscapeLeft UIInterfaceOrientationLandscapeRight";
				INFOPLIST_KEY_UISupportedInterfaceOrientations_iPhone = "UIInterfaceOrientationPortrait UIInterfaceOrientationLandscapeLeft UIInterfaceOrientationLandscapeRight";
				LD_RUNPATH_SEARCH_PATHS = (
					"$(inherited)",
					"@executable_path/Frameworks",
				);
				MARKETING_VERSION = 1.0;
				PRODUCT_BUNDLE_IDENTIFIER = rgd.seporaV1;
				PRODUCT_NAME = "$(TARGET_NAME)";
				SWIFT_EMIT_LOC_STRINGS = YES;
				SWIFT_VERSION = 5.0;
				TARGETED_DEVICE_FAMILY = 1;
			};
			name = Release;
		};
/* End XCBuildConfiguration section */

/* Begin XCConfigurationList section */
		24349F0B27315EBA009EEE63 /* Build configuration list for PBXProject "seporaV1" */ = {
			isa = XCConfigurationList;
			buildConfigurations = (
				24349F2227315EBB009EEE63 /* Debug */,
				24349F2327315EBB009EEE63 /* Release */,
			);
			defaultConfigurationIsVisible = 0;
			defaultConfigurationName = Release;
		};
		24349F2427315EBB009EEE63 /* Build configuration list for PBXNativeTarget "seporaV1" */ = {
			isa = XCConfigurationList;
			buildConfigurations = (
				24349F2527315EBB009EEE63 /* Debug */,
				24349F2627315EBB009EEE63 /* Release */,
			);
			defaultConfigurationIsVisible = 0;
			defaultConfigurationName = Release;
		};
/* End XCConfigurationList section */
	};
	rootObject = 24349F0827315EBA009EEE63 /* Project object */;
}
